
Microsoft Visual Studio Solution File, Format Version 12.00
# Visual Studio Version 17
VisualStudioVersion = 17.8.34322.80
MinimumVisualStudioVersion = 10.0.40219.1
Project("{FAE04EC0-301F-11D3-BF4B-00C04F79EFBC}") = "AppiumSpecFlow", "AppiumSpecFlow.csproj", "{2041D8AF-6896-4CAC-803A-37949FEA8348}"
EndProject
Global
	GlobalSection(SolutionConfigurationPlatforms) = preSolution
		Debug|Any CPU = Debug|Any CPU
		Release|Any CPU = Release|Any CPU
	EndGlobalSection
	GlobalSection(ProjectConfigurationPlatforms) = postSolution
		{2041D8AF-6896-4CAC-803A-37949FEA8348}.Debug|Any CPU.ActiveCfg = Debug|Any CPU
		{2041D8AF-6896-4CAC-803A-37949FEA8348}.Debug|Any CPU.Build.0 = Debug|Any CPU
		{2041D8AF-6896-4CAC-803A-37949FEA8348}.Release|Any CPU.ActiveCfg = Release|Any CPU
		{2041D8AF-6896-4CAC-803A-37949FEA8348}.Release|Any CPU.Build.0 = Release|Any CPU
	EndGlobalSection
	GlobalSection(SolutionProperties) = preSolution
		HideSolutionNode = FALSE
	EndGlobalSection
	GlobalSection(ExtensibilityGlobals) = postSolution
		SolutionGuid = {B66074D3-31E7-4674-9F2E-67AD2A682095}
	EndGlobalSection
EndGlobal
